
Microsoft Visual Studio Solution File, Format Version 12.00
# Visual Studio Version 17
VisualStudioVersion = 17.10.35027.167
MinimumVisualStudioVersion = 10.0.40219.1
Project("{9A19103F-16F7-4668-BE54-9A1E7A4F7556}") = "2024-09-09 - Lesson (Connection Mode)", "2024-09-09 - Lesson (Connection Mode)\2024-09-09 - Lesson (Connection Mode).csproj", "{C8F79955-EE31-4218-A742-CA6C8AC13A2E}"
EndProject
Project("{9A19103F-16F7-4668-BE54-9A1E7A4F7556}") = "2024-09-09 - HW (Connection Mode)", "2024-09-09 - HW (Connection Mode)\2024-09-09 - HW (Connection Mode).csproj", "{34555F09-DD37-44CA-A55C-C5858F289C59}"
EndProject
Project("{9A19103F-16F7-4668-BE54-9A1E7A4F7556}") = "2024-09-11 - Lesson (CRUD Interface)", "2024-09-11 - Lesson (CRUD Interface)\2024-09-11 - Lesson (CRUD Interface).csproj", "{078B6CCF-EC11-44EF-A7C1-5902BC568F12}"
EndProject
Project("{9A19103F-16F7-4668-BE54-9A1E7A4F7556}") = "2024-09-11 - HW (CRUD Interface)", "2024-09-11 - HW (CRUD Interface)\2024-09-11 - HW (CRUD Interface).csproj", "{71FA9721-15F0-4E32-9412-57D6257CD249}"
EndProject
Project("{9A19103F-16F7-4668-BE54-9A1E7A4F7556}") = "2024-09-13 - Lesson (SQL Injection)", "2024-09-13 - Lesson (SQL Injection)\2024-09-13 - Lesson (SQL Injection).csproj", "{0D9A63ED-0A72-4ABC-8B47-A70C3A9991AE}"
EndProject
Project("{9A19103F-16F7-4668-BE54-9A1E7A4F7556}") = "data_access", "data_access\data_access.csproj", "{9C2E689D-C87B-430C-99CD-31719ACB3D25}"
EndProject
Project("{9A19103F-16F7-4668-BE54-9A1E7A4F7556}") = "WPF_Client_", "WPF_Client_\WPF_Client_.csproj", "{8C484D07-452D-4A85-A8E0-387403A3D152}"
EndProject
Project("{9A19103F-16F7-4668-BE54-9A1E7A4F7556}") = "2024-09-13 - Sales", "2024-09-13 - SportShop\2024-09-13 - Sales.csproj", "{AE594A8B-70C3-4DB0-9C04-BF47F7E09EE0}"
EndProject
Project("{9A19103F-16F7-4668-BE54-9A1E7A4F7556}") = "2024-09-13 - WPF_Client", "2024-09-13 - WPF_Client\2024-09-13 - WPF_Client.csproj", "{AF78B62A-E8E8-4524-B0E1-DD87FEEAE7DB}"
EndProject
Project("{9A19103F-16F7-4668-BE54-9A1E7A4F7556}") = "2024-09-16 - (Intro to LINQ)", "2024-09-16 - (Intro to LINQ)\2024-09-16 - (Intro to LINQ).csproj", "{873842E8-62DC-4369-AC3C-2D6960A3F384}"
EndProject
Project("{9A19103F-16F7-4668-BE54-9A1E7A4F7556}") = "2024-09-16 - Where", "2024-09-16 - Where\2024-09-16 - Where.csproj", "{7115A83A-B8CA-4A6B-8085-9BC2E11915EA}"
EndProject
Project("{9A19103F-16F7-4668-BE54-9A1E7A4F7556}") = "2024-09-16 - OrderBy", "2024-09-16 - OrderBy\2024-09-16 - OrderBy.csproj", "{BDC8507C-99BC-47E4-A48D-5A879D567023}"
EndProject
Project("{9A19103F-16F7-4668-BE54-9A1E7A4F7556}") = "2024-09-16 - GroupBy", "2024-09-16 - GroupBy\2024-09-16 - GroupBy.csproj", "{C8AEA9BC-27D5-4D11-B881-B58C104336EC}"
EndProject
Project("{9A19103F-16F7-4668-BE54-9A1E7A4F7556}") = "2024-09-16 - Agregations", "2024-09-16 - Agregations\2024-09-16 - Agregations.csproj", "{693A3CE7-B9CB-4F75-9E8B-3B8511FB455C}"
EndProject
Project("{FAE04EC0-301F-11D3-BF4B-00C04F79EFBC}") = "2024-09-16 - Sets", "2024-09-16 - Sets\2024-09-16 - Sets.csproj", "{3F8A10AA-0A12-4652-87FB-ADE586C8026F}"
EndProject
Project("{FAE04EC0-301F-11D3-BF4B-00C04F79EFBC}") = "2024-09-16 (LINQ to SQL)", "2024-09-16 (LINQ to SQL)\2024-09-16 (LINQ to SQL).csproj", "{843DE16D-41EF-4473-8461-7FEDB91AE845}"
EndProject
Global
	GlobalSection(SolutionConfigurationPlatforms) = preSolution
		Debug|Any CPU = Debug|Any CPU
		Release|Any CPU = Release|Any CPU
	EndGlobalSection
	GlobalSection(ProjectConfigurationPlatforms) = postSolution
		{C8F79955-EE31-4218-A742-CA6C8AC13A2E}.Debug|Any CPU.ActiveCfg = Debug|Any CPU
		{C8F79955-EE31-4218-A742-CA6C8AC13A2E}.Debug|Any CPU.Build.0 = Debug|Any CPU
		{C8F79955-EE31-4218-A742-CA6C8AC13A2E}.Release|Any CPU.ActiveCfg = Release|Any CPU
		{C8F79955-EE31-4218-A742-CA6C8AC13A2E}.Release|Any CPU.Build.0 = Release|Any CPU
		{34555F09-DD37-44CA-A55C-C5858F289C59}.Debug|Any CPU.ActiveCfg = Debug|Any CPU
		{34555F09-DD37-44CA-A55C-C5858F289C59}.Debug|Any CPU.Build.0 = Debug|Any CPU
		{34555F09-DD37-44CA-A55C-C5858F289C59}.Release|Any CPU.ActiveCfg = Release|Any CPU
		{34555F09-DD37-44CA-A55C-C5858F289C59}.Release|Any CPU.Build.0 = Release|Any CPU
		{078B6CCF-EC11-44EF-A7C1-5902BC568F12}.Debug|Any CPU.ActiveCfg = Debug|Any CPU
		{078B6CCF-EC11-44EF-A7C1-5902BC568F12}.Debug|Any CPU.Build.0 = Debug|Any CPU
		{078B6CCF-EC11-44EF-A7C1-5902BC568F12}.Release|Any CPU.ActiveCfg = Release|Any CPU
		{078B6CCF-EC11-44EF-A7C1-5902BC568F12}.Release|Any CPU.Build.0 = Release|Any CPU
		{71FA9721-15F0-4E32-9412-57D6257CD249}.Debug|Any CPU.ActiveCfg = Debug|Any CPU
		{71FA9721-15F0-4E32-9412-57D6257CD249}.Debug|Any CPU.Build.0 = Debug|Any CPU
		{71FA9721-15F0-4E32-9412-57D6257CD249}.Release|Any CPU.ActiveCfg = Release|Any CPU
		{71FA9721-15F0-4E32-9412-57D6257CD249}.Release|Any CPU.Build.0 = Release|Any CPU
		{0D9A63ED-0A72-4ABC-8B47-A70C3A9991AE}.Debug|Any CPU.ActiveCfg = Debug|Any CPU
		{0D9A63ED-0A72-4ABC-8B47-A70C3A9991AE}.Debug|Any CPU.Build.0 = Debug|Any CPU
		{0D9A63ED-0A72-4ABC-8B47-A70C3A9991AE}.Release|Any CPU.ActiveCfg = Release|Any CPU
		{0D9A63ED-0A72-4ABC-8B47-A70C3A9991AE}.Release|Any CPU.Build.0 = Release|Any CPU
		{9C2E689D-C87B-430C-99CD-31719ACB3D25}.Debug|Any CPU.ActiveCfg = Debug|Any CPU
		{9C2E689D-C87B-430C-99CD-31719ACB3D25}.Debug|Any CPU.Build.0 = Debug|Any CPU
		{9C2E689D-C87B-430C-99CD-31719ACB3D25}.Release|Any CPU.ActiveCfg = Release|Any CPU
		{9C2E689D-C87B-430C-99CD-31719ACB3D25}.Release|Any CPU.Build.0 = Release|Any CPU
		{8C484D07-452D-4A85-A8E0-387403A3D152}.Debug|Any CPU.ActiveCfg = Debug|Any CPU
		{8C484D07-452D-4A85-A8E0-387403A3D152}.Debug|Any CPU.Build.0 = Debug|Any CPU
		{8C484D07-452D-4A85-A8E0-387403A3D152}.Release|Any CPU.ActiveCfg = Release|Any CPU
		{8C484D07-452D-4A85-A8E0-387403A3D152}.Release|Any CPU.Build.0 = Release|Any CPU
		{AE594A8B-70C3-4DB0-9C04-BF47F7E09EE0}.Debug|Any CPU.ActiveCfg = Debug|Any CPU
		{AE594A8B-70C3-4DB0-9C04-BF47F7E09EE0}.Debug|Any CPU.Build.0 = Debug|Any CPU
		{AE594A8B-70C3-4DB0-9C04-BF47F7E09EE0}.Release|Any CPU.ActiveCfg = Release|Any CPU
		{AE594A8B-70C3-4DB0-9C04-BF47F7E09EE0}.Release|Any CPU.Build.0 = Release|Any CPU
		{AF78B62A-E8E8-4524-B0E1-DD87FEEAE7DB}.Debug|Any CPU.ActiveCfg = Debug|Any CPU
		{AF78B62A-E8E8-4524-B0E1-DD87FEEAE7DB}.Debug|Any CPU.Build.0 = Debug|Any CPU
		{AF78B62A-E8E8-4524-B0E1-DD87FEEAE7DB}.Release|Any CPU.ActiveCfg = Release|Any CPU
		{AF78B62A-E8E8-4524-B0E1-DD87FEEAE7DB}.Release|Any CPU.Build.0 = Release|Any CPU
		{873842E8-62DC-4369-AC3C-2D6960A3F384}.Debug|Any CPU.ActiveCfg = Debug|Any CPU
		{873842E8-62DC-4369-AC3C-2D6960A3F384}.Debug|Any CPU.Build.0 = Debug|Any CPU
		{873842E8-62DC-4369-AC3C-2D6960A3F384}.Release|Any CPU.ActiveCfg = Release|Any CPU
		{873842E8-62DC-4369-AC3C-2D6960A3F384}.Release|Any CPU.Build.0 = Release|Any CPU
		{7115A83A-B8CA-4A6B-8085-9BC2E11915EA}.Debug|Any CPU.ActiveCfg = Debug|Any CPU
		{7115A83A-B8CA-4A6B-8085-9BC2E11915EA}.Debug|Any CPU.Build.0 = Debug|Any CPU
		{7115A83A-B8CA-4A6B-8085-9BC2E11915EA}.Release|Any CPU.ActiveCfg = Release|Any CPU
		{7115A83A-B8CA-4A6B-8085-9BC2E11915EA}.Release|Any CPU.Build.0 = Release|Any CPU
		{BDC8507C-99BC-47E4-A48D-5A879D567023}.Debug|Any CPU.ActiveCfg = Debug|Any CPU
		{BDC8507C-99BC-47E4-A48D-5A879D567023}.Debug|Any CPU.Build.0 = Debug|Any CPU
		{BDC8507C-99BC-47E4-A48D-5A879D567023}.Release|Any CPU.ActiveCfg = Release|Any CPU
		{BDC8507C-99BC-47E4-A48D-5A879D567023}.Release|Any CPU.Build.0 = Release|Any CPU
		{C8AEA9BC-27D5-4D11-B881-B58C104336EC}.Debug|Any CPU.ActiveCfg = Debug|Any CPU
		{C8AEA9BC-27D5-4D11-B881-B58C104336EC}.Debug|Any CPU.Build.0 = Debug|Any CPU
		{C8AEA9BC-27D5-4D11-B881-B58C104336EC}.Release|Any CPU.ActiveCfg = Release|Any CPU
		{C8AEA9BC-27D5-4D11-B881-B58C104336EC}.Release|Any CPU.Build.0 = Release|Any CPU
		{693A3CE7-B9CB-4F75-9E8B-3B8511FB455C}.Debug|Any CPU.ActiveCfg = Debug|Any CPU
		{693A3CE7-B9CB-4F75-9E8B-3B8511FB455C}.Debug|Any CPU.Build.0 = Debug|Any CPU
		{693A3CE7-B9CB-4F75-9E8B-3B8511FB455C}.Release|Any CPU.ActiveCfg = Release|Any CPU
		{693A3CE7-B9CB-4F75-9E8B-3B8511FB455C}.Release|Any CPU.Build.0 = Release|Any CPU
		{3F8A10AA-0A12-4652-87FB-ADE586C8026F}.Debug|Any CPU.ActiveCfg = Debug|Any CPU
		{3F8A10AA-0A12-4652-87FB-ADE586C8026F}.Debug|Any CPU.Build.0 = Debug|Any CPU
		{3F8A10AA-0A12-4652-87FB-ADE586C8026F}.Release|Any CPU.ActiveCfg = Release|Any CPU
		{3F8A10AA-0A12-4652-87FB-ADE586C8026F}.Release|Any CPU.Build.0 = Release|Any CPU
		{843DE16D-41EF-4473-8461-7FEDB91AE845}.Debug|Any CPU.ActiveCfg = Debug|Any CPU
		{843DE16D-41EF-4473-8461-7FEDB91AE845}.Debug|Any CPU.Build.0 = Debug|Any CPU
		{843DE16D-41EF-4473-8461-7FEDB91AE845}.Release|Any CPU.ActiveCfg = Release|Any CPU
		{843DE16D-41EF-4473-8461-7FEDB91AE845}.Release|Any CPU.Build.0 = Release|Any CPU
	EndGlobalSection
	GlobalSection(SolutionProperties) = preSolution
		HideSolutionNode = FALSE
	EndGlobalSection
	GlobalSection(ExtensibilityGlobals) = postSolution
		SolutionGuid = {8BBFBBE2-14B2-4ACC-B1E2-0EFC6DF72B57}
	EndGlobalSection
EndGlobal
