
Microsoft Visual Studio Solution File, Format Version 12.00
# Visual Studio Version 17
VisualStudioVersion = 17.10.35027.167
MinimumVisualStudioVersion = 10.0.40219.1
Project("{9A19103F-16F7-4668-BE54-9A1E7A4F7556}") = "2024-09-09 - Lesson (Connection Mode)", "2024-09-09 - Lesson (Connection Mode)\2024-09-09 - Lesson (Connection Mode).csproj", "{C8F79955-EE31-4218-A742-CA6C8AC13A2E}"
EndProject
Project("{9A19103F-16F7-4668-BE54-9A1E7A4F7556}") = "2024-09-09 - HW (Connection Mode)", "2024-09-09 - HW (Connection Mode)\2024-09-09 - HW (Connection Mode).csproj", "{34555F09-DD37-44CA-A55C-C5858F289C59}"
EndProject
Project("{9A19103F-16F7-4668-BE54-9A1E7A4F7556}") = "2024-09-11 - Lesson (CRUD Interface)", "2024-09-11 - Lesson (CRUD Interface)\2024-09-11 - Lesson (CRUD Interface).csproj", "{078B6CCF-EC11-44EF-A7C1-5902BC568F12}"
EndProject
Project("{9A19103F-16F7-4668-BE54-9A1E7A4F7556}") = "2024-09-11 - HW (CRUD Interface)", "2024-09-11 - HW (CRUD Interface)\2024-09-11 - HW (CRUD Interface).csproj", "{71FA9721-15F0-4E32-9412-57D6257CD249}"
EndProject
Project("{FAE04EC0-301F-11D3-BF4B-00C04F79EFBC}") = "2024-09-13 - Lesson (SQL Injection)", "2024-09-13 - Lesson (SQL Injection)\2024-09-13 - Lesson (SQL Injection).csproj", "{0D9A63ED-0A72-4ABC-8B47-A70C3A9991AE}"
EndProject
Global
	GlobalSection(SolutionConfigurationPlatforms) = preSolution
		Debug|Any CPU = Debug|Any CPU
		Release|Any CPU = Release|Any CPU
	EndGlobalSection
	GlobalSection(ProjectConfigurationPlatforms) = postSolution
		{C8F79955-EE31-4218-A742-CA6C8AC13A2E}.Debug|Any CPU.ActiveCfg = Debug|Any CPU
		{C8F79955-EE31-4218-A742-CA6C8AC13A2E}.Debug|Any CPU.Build.0 = Debug|Any CPU
		{C8F79955-EE31-4218-A742-CA6C8AC13A2E}.Release|Any CPU.ActiveCfg = Release|Any CPU
		{C8F79955-EE31-4218-A742-CA6C8AC13A2E}.Release|Any CPU.Build.0 = Release|Any CPU
		{34555F09-DD37-44CA-A55C-C5858F289C59}.Debug|Any CPU.ActiveCfg = Debug|Any CPU
		{34555F09-DD37-44CA-A55C-C5858F289C59}.Debug|Any CPU.Build.0 = Debug|Any CPU
		{34555F09-DD37-44CA-A55C-C5858F289C59}.Release|Any CPU.ActiveCfg = Release|Any CPU
		{34555F09-DD37-44CA-A55C-C5858F289C59}.Release|Any CPU.Build.0 = Release|Any CPU
		{078B6CCF-EC11-44EF-A7C1-5902BC568F12}.Debug|Any CPU.ActiveCfg = Debug|Any CPU
		{078B6CCF-EC11-44EF-A7C1-5902BC568F12}.Debug|Any CPU.Build.0 = Debug|Any CPU
		{078B6CCF-EC11-44EF-A7C1-5902BC568F12}.Release|Any CPU.ActiveCfg = Release|Any CPU
		{078B6CCF-EC11-44EF-A7C1-5902BC568F12}.Release|Any CPU.Build.0 = Release|Any CPU
		{71FA9721-15F0-4E32-9412-57D6257CD249}.Debug|Any CPU.ActiveCfg = Debug|Any CPU
		{71FA9721-15F0-4E32-9412-57D6257CD249}.Debug|Any CPU.Build.0 = Debug|Any CPU
		{71FA9721-15F0-4E32-9412-57D6257CD249}.Release|Any CPU.ActiveCfg = Release|Any CPU
		{71FA9721-15F0-4E32-9412-57D6257CD249}.Release|Any CPU.Build.0 = Release|Any CPU
		{0D9A63ED-0A72-4ABC-8B47-A70C3A9991AE}.Debug|Any CPU.ActiveCfg = Debug|Any CPU
		{0D9A63ED-0A72-4ABC-8B47-A70C3A9991AE}.Debug|Any CPU.Build.0 = Debug|Any CPU
		{0D9A63ED-0A72-4ABC-8B47-A70C3A9991AE}.Release|Any CPU.ActiveCfg = Release|Any CPU
		{0D9A63ED-0A72-4ABC-8B47-A70C3A9991AE}.Release|Any CPU.Build.0 = Release|Any CPU
	EndGlobalSection
	GlobalSection(SolutionProperties) = preSolution
		HideSolutionNode = FALSE
	EndGlobalSection
	GlobalSection(ExtensibilityGlobals) = postSolution
		SolutionGuid = {8BBFBBE2-14B2-4ACC-B1E2-0EFC6DF72B57}
	EndGlobalSection
EndGlobal
